
Microsoft Visual Studio Solution File, Format Version 12.00
# Visual Studio Version 17
VisualStudioVersion = 17.3.32825.248
MinimumVisualStudioVersion = 10.0.40219.1
Project("{FAE04EC0-301F-11D3-BF4B-00C04F79EFBC}") = "GawibawiboUse", "GawibawiboUse\GawibawiboUse.csproj", "{A8EB7CE4-2782-4775-A521-568C0FF0C082}"
EndProject
Global
	GlobalSection(SolutionConfigurationPlatforms) = preSolution
		Debug|Any CPU = Debug|Any CPU
		Release|Any CPU = Release|Any CPU
	EndGlobalSection
	GlobalSection(ProjectConfigurationPlatforms) = postSolution
		{A8EB7CE4-2782-4775-A521-568C0FF0C082}.Debug|Any CPU.ActiveCfg = Debug|Any CPU
		{A8EB7CE4-2782-4775-A521-568C0FF0C082}.Debug|Any CPU.Build.0 = Debug|Any CPU
		{A8EB7CE4-2782-4775-A521-568C0FF0C082}.Release|Any CPU.ActiveCfg = Release|Any CPU
		{A8EB7CE4-2782-4775-A521-568C0FF0C082}.Release|Any CPU.Build.0 = Release|Any CPU
	EndGlobalSection
	GlobalSection(SolutionProperties) = preSolution
		HideSolutionNode = FALSE
	EndGlobalSection
	GlobalSection(ExtensibilityGlobals) = postSolution
		SolutionGuid = {BFCBCEE4-C9FD-4893-8938-1559D65C0B37}
	EndGlobalSection
EndGlobal
