
Microsoft Visual Studio Solution File, Format Version 12.00
# Visual Studio Version 17
VisualStudioVersion = 17.2.32630.192
MinimumVisualStudioVersion = 10.0.40219.1
Project("{FAE04EC0-301F-11D3-BF4B-00C04F79EFBC}") = "ch03_제어문", "ch03_제어문\ch03_제어문.csproj", "{5B58E368-EB82-4435-BEBD-2150CEE3CCAE}"
EndProject
Global
	GlobalSection(SolutionConfigurationPlatforms) = preSolution
		Debug|Any CPU = Debug|Any CPU
		Release|Any CPU = Release|Any CPU
	EndGlobalSection
	GlobalSection(ProjectConfigurationPlatforms) = postSolution
		{5B58E368-EB82-4435-BEBD-2150CEE3CCAE}.Debug|Any CPU.ActiveCfg = Debug|Any CPU
		{5B58E368-EB82-4435-BEBD-2150CEE3CCAE}.Debug|Any CPU.Build.0 = Debug|Any CPU
		{5B58E368-EB82-4435-BEBD-2150CEE3CCAE}.Release|Any CPU.ActiveCfg = Release|Any CPU
		{5B58E368-EB82-4435-BEBD-2150CEE3CCAE}.Release|Any CPU.Build.0 = Release|Any CPU
	EndGlobalSection
	GlobalSection(SolutionProperties) = preSolution
		HideSolutionNode = FALSE
	EndGlobalSection
	GlobalSection(ExtensibilityGlobals) = postSolution
		SolutionGuid = {EE2DE11C-7F80-4462-A0E8-E4EE1983111F}
	EndGlobalSection
EndGlobal
